
Microsoft Visual Studio Solution File, Format Version 12.00
# Visual Studio Version 17
VisualStudioVersion = 17.5.33516.290
MinimumVisualStudioVersion = 10.0.40219.1
Project("{FAE04EC0-301F-11D3-BF4B-00C04F79EFBC}") = "MazeGenerator.WPF", "MazeGenerator.WPF\MazeGenerator.WPF.csproj", "{0BD1BEF3-C10E-4ED0-89DD-1DF4BCD73770}"
EndProject
Project("{FAE04EC0-301F-11D3-BF4B-00C04F79EFBC}") = "MazeGenerator.Library", "MazeGenerator.Library\MazeGenerator.Library.csproj", "{D85DDD00-BDD5-4916-A6E1-EADC3EA948E6}"
EndProject
Global
	GlobalSection(SolutionConfigurationPlatforms) = preSolution
		Debug|Any CPU = Debug|Any CPU
		Release|Any CPU = Release|Any CPU
	EndGlobalSection
	GlobalSection(ProjectConfigurationPlatforms) = postSolution
		{0BD1BEF3-C10E-4ED0-89DD-1DF4BCD73770}.Debug|Any CPU.ActiveCfg = Debug|Any CPU
		{0BD1BEF3-C10E-4ED0-89DD-1DF4BCD73770}.Debug|Any CPU.Build.0 = Debug|Any CPU
		{0BD1BEF3-C10E-4ED0-89DD-1DF4BCD73770}.Release|Any CPU.ActiveCfg = Release|Any CPU
		{0BD1BEF3-C10E-4ED0-89DD-1DF4BCD73770}.Release|Any CPU.Build.0 = Release|Any CPU
		{D85DDD00-BDD5-4916-A6E1-EADC3EA948E6}.Debug|Any CPU.ActiveCfg = Debug|Any CPU
		{D85DDD00-BDD5-4916-A6E1-EADC3EA948E6}.Debug|Any CPU.Build.0 = Debug|Any CPU
		{D85DDD00-BDD5-4916-A6E1-EADC3EA948E6}.Release|Any CPU.ActiveCfg = Release|Any CPU
		{D85DDD00-BDD5-4916-A6E1-EADC3EA948E6}.Release|Any CPU.Build.0 = Release|Any CPU
	EndGlobalSection
	GlobalSection(SolutionProperties) = preSolution
		HideSolutionNode = FALSE
	EndGlobalSection
	GlobalSection(ExtensibilityGlobals) = postSolution
		SolutionGuid = {FC8FA788-4352-4DB7-85A6-FB4E07CCB8E2}
	EndGlobalSection
EndGlobal
